
Microsoft Visual Studio Solution File, Format Version 12.00
# Visual Studio Version 16
VisualStudioVersion = 16.0.29728.190
MinimumVisualStudioVersion = 10.0.40219.1
Project("{FAE04EC0-301F-11D3-BF4B-00C04F79EFBC}") = "VowelsAndConsonants", "VowelsAndConsonants\VowelsAndConsonants.csproj", "{A00B1984-5A5C-4C5F-A942-90F37F057B39}"
EndProject
Project("{FAE04EC0-301F-11D3-BF4B-00C04F79EFBC}") = "I337Converter", "I337Converter\I337Converter.csproj", "{8351B8BE-BEA6-4E77-832B-390BE8C3DCB7}"
EndProject
Global
	GlobalSection(SolutionConfigurationPlatforms) = preSolution
		Debug|Any CPU = Debug|Any CPU
		Release|Any CPU = Release|Any CPU
	EndGlobalSection
	GlobalSection(ProjectConfigurationPlatforms) = postSolution
		{A00B1984-5A5C-4C5F-A942-90F37F057B39}.Debug|Any CPU.ActiveCfg = Debug|Any CPU
		{A00B1984-5A5C-4C5F-A942-90F37F057B39}.Debug|Any CPU.Build.0 = Debug|Any CPU
		{A00B1984-5A5C-4C5F-A942-90F37F057B39}.Release|Any CPU.ActiveCfg = Release|Any CPU
		{A00B1984-5A5C-4C5F-A942-90F37F057B39}.Release|Any CPU.Build.0 = Release|Any CPU
		{8351B8BE-BEA6-4E77-832B-390BE8C3DCB7}.Debug|Any CPU.ActiveCfg = Debug|Any CPU
		{8351B8BE-BEA6-4E77-832B-390BE8C3DCB7}.Debug|Any CPU.Build.0 = Debug|Any CPU
		{8351B8BE-BEA6-4E77-832B-390BE8C3DCB7}.Release|Any CPU.ActiveCfg = Release|Any CPU
		{8351B8BE-BEA6-4E77-832B-390BE8C3DCB7}.Release|Any CPU.Build.0 = Release|Any CPU
	EndGlobalSection
	GlobalSection(SolutionProperties) = preSolution
		HideSolutionNode = FALSE
	EndGlobalSection
	GlobalSection(ExtensibilityGlobals) = postSolution
		SolutionGuid = {6C7AA0CB-785B-474A-B029-8C608CCE8C2D}
	EndGlobalSection
EndGlobal
