
Microsoft Visual Studio Solution File, Format Version 12.00
# Visual Studio Version 16
VisualStudioVersion = 16.0.29728.190
MinimumVisualStudioVersion = 10.0.40219.1
Project("{FAE04EC0-301F-11D3-BF4B-00C04F79EFBC}") = "GPA", "GPA\GPA.csproj", "{448881E9-C85D-443E-A4EE-46B338829709}"
EndProject
Project("{FAE04EC0-301F-11D3-BF4B-00C04F79EFBC}") = "FizzBuzz", "FizzBuzz\FizzBuzz.csproj", "{7A6095AD-86F3-4BB5-8882-610A3FDFA8BB}"
EndProject
Global
	GlobalSection(SolutionConfigurationPlatforms) = preSolution
		Debug|Any CPU = Debug|Any CPU
		Release|Any CPU = Release|Any CPU
	EndGlobalSection
	GlobalSection(ProjectConfigurationPlatforms) = postSolution
		{448881E9-C85D-443E-A4EE-46B338829709}.Debug|Any CPU.ActiveCfg = Debug|Any CPU
		{448881E9-C85D-443E-A4EE-46B338829709}.Debug|Any CPU.Build.0 = Debug|Any CPU
		{448881E9-C85D-443E-A4EE-46B338829709}.Release|Any CPU.ActiveCfg = Release|Any CPU
		{448881E9-C85D-443E-A4EE-46B338829709}.Release|Any CPU.Build.0 = Release|Any CPU
		{7A6095AD-86F3-4BB5-8882-610A3FDFA8BB}.Debug|Any CPU.ActiveCfg = Debug|Any CPU
		{7A6095AD-86F3-4BB5-8882-610A3FDFA8BB}.Debug|Any CPU.Build.0 = Debug|Any CPU
		{7A6095AD-86F3-4BB5-8882-610A3FDFA8BB}.Release|Any CPU.ActiveCfg = Release|Any CPU
		{7A6095AD-86F3-4BB5-8882-610A3FDFA8BB}.Release|Any CPU.Build.0 = Release|Any CPU
	EndGlobalSection
	GlobalSection(SolutionProperties) = preSolution
		HideSolutionNode = FALSE
	EndGlobalSection
	GlobalSection(ExtensibilityGlobals) = postSolution
		SolutionGuid = {54058BEA-1A36-4CE5-9A8F-E23ABA671819}
	EndGlobalSection
EndGlobal
